// !$*UTF8*$!
{
	archiveVersion = 1;
	classes = {
	};
	objectVersion = 56;
	objects = {

/* Begin PBXBuildFile section */
		D3B911FD29E2636C0061F84F /* AppDelegate.swift in Sources */ = {isa = PBXBuildFile; fileRef = D3B911FC29E2636C0061F84F /* AppDelegate.swift */; };
		D3B911FF29E2636C0061F84F /* SceneDelegate.swift in Sources */ = {isa = PBXBuildFile; fileRef = D3B911FE29E2636C0061F84F /* SceneDelegate.swift */; };
		D3B9120129E2636C0061F84F /* ViewController.swift in Sources */ = {isa = PBXBuildFile; fileRef = D3B9120029E2636C0061F84F /* ViewController.swift */; };
		D3B9120429E2636C0061F84F /* Main.storyboard in Resources */ = {isa = PBXBuildFile; fileRef = D3B9120229E2636C0061F84F /* Main.storyboard */; };
		D3B9120629E2636D0061F84F /* Assets.xcassets in Resources */ = {isa = PBXBuildFile; fileRef = D3B9120529E2636D0061F84F /* Assets.xcassets */; };
		D3B9120929E2636D0061F84F /* LaunchScreen.storyboard in Resources */ = {isa = PBXBuildFile; fileRef = D3B9120729E2636D0061F84F /* LaunchScreen.storyboard */; };
		D3B9121829E2646C0061F84F /* OrganicView.h in Headers */ = {isa = PBXBuildFile; fileRef = D3B9121729E2646C0061F84F /* OrganicView.h */; settings = {ATTRIBUTES = (Public, ); }; };
		D3B9121B29E2646C0061F84F /* OrganicView.framework in Frameworks */ = {isa = PBXBuildFile; fileRef = D3B9121529E2646C0061F84F /* OrganicView.framework */; };
		D3B9121C29E2646C0061F84F /* OrganicView.framework in Embed Frameworks */ = {isa = PBXBuildFile; fileRef = D3B9121529E2646C0061F84F /* OrganicView.framework */; settings = {ATTRIBUTES = (CodeSignOnCopy, RemoveHeadersOnCopy, ); }; };
		D3B9122229E265070061F84F /* OrganicView.swift in Sources */ = {isa = PBXBuildFile; fileRef = D3B9122129E265070061F84F /* OrganicView.swift */; };
		D3B9122329E265070061F84F /* OrganicView.swift in Sources */ = {isa = PBXBuildFile; fileRef = D3B9122129E265070061F84F /* OrganicView.swift */; };
/* End PBXBuildFile section */

/* Begin PBXContainerItemProxy section */
		D3B9121929E2646C0061F84F /* PBXContainerItemProxy */ = {
			isa = PBXContainerItemProxy;
			containerPortal = D3B911F129E2636C0061F84F /* Project object */;
			proxyType = 1;
			remoteGlobalIDString = D3B9121429E2646C0061F84F;
			remoteInfo = OrganicView;
		};
/* End PBXContainerItemProxy section */

/* Begin PBXCopyFilesBuildPhase section */
		D3B9122029E2646C0061F84F /* Embed Frameworks */ = {
			isa = PBXCopyFilesBuildPhase;
			buildActionMask = 2147483647;
			dstPath = "";
			dstSubfolderSpec = 10;
			files = (
				D3B9121C29E2646C0061F84F /* OrganicView.framework in Embed Frameworks */,
			);
			name = "Embed Frameworks";
			runOnlyForDeploymentPostprocessing = 0;
		};
/* End PBXCopyFilesBuildPhase section */

/* Begin PBXFileReference section */
		D3B911F929E2636C0061F84F /* OrganicViewDemo.app */ = {isa = PBXFileReference; explicitFileType = wrapper.application; includeInIndex = 0; path = OrganicViewDemo.app; sourceTree = BUILT_PRODUCTS_DIR; };
		D3B911FC29E2636C0061F84F /* AppDelegate.swift */ = {isa = PBXFileReference; lastKnownFileType = sourcecode.swift; path = AppDelegate.swift; sourceTree = "<group>"; };
		D3B911FE29E2636C0061F84F /* SceneDelegate.swift */ = {isa = PBXFileReference; lastKnownFileType = sourcecode.swift; path = SceneDelegate.swift; sourceTree = "<group>"; };
		D3B9120029E2636C0061F84F /* ViewController.swift */ = {isa = PBXFileReference; lastKnownFileType = sourcecode.swift; path = ViewController.swift; sourceTree = "<group>"; };
		D3B9120329E2636C0061F84F /* Base */ = {isa = PBXFileReference; lastKnownFileType = file.storyboard; name = Base; path = Base.lproj/Main.storyboard; sourceTree = "<group>"; };
		D3B9120529E2636D0061F84F /* Assets.xcassets */ = {isa = PBXFileReference; lastKnownFileType = folder.assetcatalog; path = Assets.xcassets; sourceTree = "<group>"; };
		D3B9120829E2636D0061F84F /* Base */ = {isa = PBXFileReference; lastKnownFileType = file.storyboard; name = Base; path = Base.lproj/LaunchScreen.storyboard; sourceTree = "<group>"; };
		D3B9120A29E2636E0061F84F /* Info.plist */ = {isa = PBXFileReference; lastKnownFileType = text.plist.xml; path = Info.plist; sourceTree = "<group>"; };
		D3B9121529E2646C0061F84F /* OrganicView.framework */ = {isa = PBXFileReference; explicitFileType = wrapper.framework; includeInIndex = 0; path = OrganicView.framework; sourceTree = BUILT_PRODUCTS_DIR; };
		D3B9121729E2646C0061F84F /* OrganicView.h */ = {isa = PBXFileReference; lastKnownFileType = sourcecode.c.h; path = OrganicView.h; sourceTree = "<group>"; };
		D3B9122129E265070061F84F /* OrganicView.swift */ = {isa = PBXFileReference; fileEncoding = 4; lastKnownFileType = sourcecode.swift; path = OrganicView.swift; sourceTree = SOURCE_ROOT; };
/* End PBXFileReference section */

/* Begin PBXFrameworksBuildPhase section */
		D3B911F629E2636C0061F84F /* Frameworks */ = {
			isa = PBXFrameworksBuildPhase;
			buildActionMask = 2147483647;
			files = (
				D3B9121B29E2646C0061F84F /* OrganicView.framework in Frameworks */,
			);
			runOnlyForDeploymentPostprocessing = 0;
		};
		D3B9121229E2646C0061F84F /* Frameworks */ = {
			isa = PBXFrameworksBuildPhase;
			buildActionMask = 2147483647;
			files = (
			);
			runOnlyForDeploymentPostprocessing = 0;
		};
/* End PBXFrameworksBuildPhase section */

/* Begin PBXGroup section */
		D3B911F029E2636C0061F84F = {
			isa = PBXGroup;
			children = (
				D3B911FB29E2636C0061F84F /* OrganicView */,
				D3B9121629E2646C0061F84F /* OrganicView */,
				D3B911FA29E2636C0061F84F /* Products */,
			);
			sourceTree = "<group>";
		};
		D3B911FA29E2636C0061F84F /* Products */ = {
			isa = PBXGroup;
			children = (
				D3B911F929E2636C0061F84F /* OrganicViewDemo.app */,
				D3B9121529E2646C0061F84F /* OrganicView.framework */,
			);
			name = Products;
			sourceTree = "<group>";
		};
		D3B911FB29E2636C0061F84F /* OrganicView */ = {
			isa = PBXGroup;
			children = (
				D3B911FC29E2636C0061F84F /* AppDelegate.swift */,
				D3B911FE29E2636C0061F84F /* SceneDelegate.swift */,
				D3B9120029E2636C0061F84F /* ViewController.swift */,
				D3B9120229E2636C0061F84F /* Main.storyboard */,
				D3B9120529E2636D0061F84F /* Assets.xcassets */,
				D3B9120729E2636D0061F84F /* LaunchScreen.storyboard */,
				D3B9120A29E2636E0061F84F /* Info.plist */,
			);
			path = OrganicView;
			sourceTree = "<group>";
		};
		D3B9121629E2646C0061F84F /* OrganicView */ = {
			isa = PBXGroup;
			children = (
				D3B9122129E265070061F84F /* OrganicView.swift */,
				D3B9121729E2646C0061F84F /* OrganicView.h */,
			);
			path = OrganicView;
			sourceTree = "<group>";
		};
/* End PBXGroup section */

/* Begin PBXHeadersBuildPhase section */
		D3B9121029E2646C0061F84F /* Headers */ = {
			isa = PBXHeadersBuildPhase;
			buildActionMask = 2147483647;
			files = (
				D3B9121829E2646C0061F84F /* OrganicView.h in Headers */,
			);
			runOnlyForDeploymentPostprocessing = 0;
		};
/* End PBXHeadersBuildPhase section */

/* Begin PBXNativeTarget section */
		D3B911F829E2636C0061F84F /* OrganicViewDemo */ = {
			isa = PBXNativeTarget;
			buildConfigurationList = D3B9120D29E2636E0061F84F /* Build configuration list for PBXNativeTarget "OrganicViewDemo" */;
			buildPhases = (
				D3B911F529E2636C0061F84F /* Sources */,
				D3B911F629E2636C0061F84F /* Frameworks */,
				D3B911F729E2636C0061F84F /* Resources */,
				D3B9122029E2646C0061F84F /* Embed Frameworks */,
			);
			buildRules = (
			);
			dependencies = (
				D3B9121A29E2646C0061F84F /* PBXTargetDependency */,
			);
			name = OrganicViewDemo;
			productName = OrganicView;
			productReference = D3B911F929E2636C0061F84F /* OrganicViewDemo.app */;
			productType = "com.apple.product-type.application";
		};
		D3B9121429E2646C0061F84F /* OrganicView */ = {
			isa = PBXNativeTarget;
			buildConfigurationList = D3B9121D29E2646C0061F84F /* Build configuration list for PBXNativeTarget "OrganicView" */;
			buildPhases = (
				D3B9121029E2646C0061F84F /* Headers */,
				D3B9121129E2646C0061F84F /* Sources */,
				D3B9121229E2646C0061F84F /* Frameworks */,
				D3B9121329E2646C0061F84F /* Resources */,
			);
			buildRules = (
			);
			dependencies = (
			);
			name = OrganicView;
			productName = OrganicView;
			productReference = D3B9121529E2646C0061F84F /* OrganicView.framework */;
			productType = "com.apple.product-type.framework";
		};
/* End PBXNativeTarget section */

/* Begin PBXProject section */
		D3B911F129E2636C0061F84F /* Project object */ = {
			isa = PBXProject;
			attributes = {
				BuildIndependentTargetsInParallel = 1;
				LastSwiftUpdateCheck = 1420;
				LastUpgradeCheck = 1420;
				TargetAttributes = {
					D3B911F829E2636C0061F84F = {
						CreatedOnToolsVersion = 14.2;
					};
					D3B9121429E2646C0061F84F = {
						CreatedOnToolsVersion = 14.2;
						LastSwiftMigration = 1420;
					};
				};
			};
			buildConfigurationList = D3B911F429E2636C0061F84F /* Build configuration list for PBXProject "OrganicView" */;
			compatibilityVersion = "Xcode 14.0";
			developmentRegion = en;
			hasScannedForEncodings = 0;
			knownRegions = (
				en,
				Base,
			);
			mainGroup = D3B911F029E2636C0061F84F;
			productRefGroup = D3B911FA29E2636C0061F84F /* Products */;
			projectDirPath = "";
			projectRoot = "";
			targets = (
				D3B911F829E2636C0061F84F /* OrganicViewDemo */,
				D3B9121429E2646C0061F84F /* OrganicView */,
			);
		};
/* End PBXProject section */

/* Begin PBXResourcesBuildPhase section */
		D3B911F729E2636C0061F84F /* Resources */ = {
			isa = PBXResourcesBuildPhase;
			buildActionMask = 2147483647;
			files = (
				D3B9120929E2636D0061F84F /* LaunchScreen.storyboard in Resources */,
				D3B9120629E2636D0061F84F /* Assets.xcassets in Resources */,
				D3B9120429E2636C0061F84F /* Main.storyboard in Resources */,
			);
			runOnlyForDeploymentPostprocessing = 0;
		};
		D3B9121329E2646C0061F84F /* Resources */ = {
			isa = PBXResourcesBuildPhase;
			buildActionMask = 2147483647;
			files = (
			);
			runOnlyForDeploymentPostprocessing = 0;
		};
/* End PBXResourcesBuildPhase section */

/* Begin PBXSourcesBuildPhase section */
		D3B911F529E2636C0061F84F /* Sources */ = {
			isa = PBXSourcesBuildPhase;
			buildActionMask = 2147483647;
			files = (
				D3B9120129E2636C0061F84F /* ViewController.swift in Sources */,
				D3B911FD29E2636C0061F84F /* AppDelegate.swift in Sources */,
				D3B9122229E265070061F84F /* OrganicView.swift in Sources */,
				D3B911FF29E2636C0061F84F /* SceneDelegate.swift in Sources */,
			);
			runOnlyForDeploymentPostprocessing = 0;
		};
		D3B9121129E2646C0061F84F /* Sources */ = {
			isa = PBXSourcesBuildPhase;
			buildActionMask = 2147483647;
			files = (
				D3B9122329E265070061F84F /* OrganicView.swift in Sources */,
			);
			runOnlyForDeploymentPostprocessing = 0;
		};
/* End PBXSourcesBuildPhase section */

/* Begin PBXTargetDependency section */
		D3B9121A29E2646C0061F84F /* PBXTargetDependency */ = {
			isa = PBXTargetDependency;
			target = D3B9121429E2646C0061F84F /* OrganicView */;
			targetProxy = D3B9121929E2646C0061F84F /* PBXContainerItemProxy */;
		};
/* End PBXTargetDependency section */

/* Begin PBXVariantGroup section */
		D3B9120229E2636C0061F84F /* Main.storyboard */ = {
			isa = PBXVariantGroup;
			children = (
				D3B9120329E2636C0061F84F /* Base */,
			);
			name = Main.storyboard;
			sourceTree = "<group>";
		};
		D3B9120729E2636D0061F84F /* LaunchScreen.storyboard */ = {
			isa = PBXVariantGroup;
			children = (
				D3B9120829E2636D0061F84F /* Base */,
			);
			name = LaunchScreen.storyboard;
			sourceTree = "<group>";
		};
/* End PBXVariantGroup section */

/* Begin XCBuildConfiguration section */
		D3B9120B29E2636E0061F84F /* Debug */ = {
			isa = XCBuildConfiguration;
			buildSettings = {
				ALWAYS_SEARCH_USER_PATHS = NO;
				CLANG_ANALYZER_NONNULL = YES;
				CLANG_ANALYZER_NUMBER_OBJECT_CONVERSION = YES_AGGRESSIVE;
				CLANG_CXX_LANGUAGE_STANDARD = "gnu++20";
				CLANG_ENABLE_MODULES = YES;
				CLANG_ENABLE_OBJC_ARC = YES;
				CLANG_ENABLE_OBJC_WEAK = YES;
				CLANG_WARN_BLOCK_CAPTURE_AUTORELEASING = YES;
				CLANG_WARN_BOOL_CONVERSION = YES;
				CLANG_WARN_COMMA = YES;
				CLANG_WARN_CONSTANT_CONVERSION = YES;
				CLANG_WARN_DEPRECATED_OBJC_IMPLEMENTATIONS = YES;
				CLANG_WARN_DIRECT_OBJC_ISA_USAGE = YES_ERROR;
				CLANG_WARN_DOCUMENTATION_COMMENTS = YES;
				CLANG_WARN_EMPTY_BODY = YES;
				CLANG_WARN_ENUM_CONVERSION = YES;
				CLANG_WARN_INFINITE_RECURSION = YES;
				CLANG_WARN_INT_CONVERSION = YES;
				CLANG_WARN_NON_LITERAL_NULL_CONVERSION = YES;
				CLANG_WARN_OBJC_IMPLICIT_RETAIN_SELF = YES;
				CLANG_WARN_OBJC_LITERAL_CONVERSION = YES;
				CLANG_WARN_OBJC_ROOT_CLASS = YES_ERROR;
				CLANG_WARN_QUOTED_INCLUDE_IN_FRAMEWORK_HEADER = YES;
				CLANG_WARN_RANGE_LOOP_ANALYSIS = YES;
				CLANG_WARN_STRICT_PROTOTYPES = YES;
				CLANG_WARN_SUSPICIOUS_MOVE = YES;
				CLANG_WARN_UNGUARDED_AVAILABILITY = YES_AGGRESSIVE;
				CLANG_WARN_UNREACHABLE_CODE = YES;
				CLANG_WARN__DUPLICATE_METHOD_MATCH = YES;
				COPY_PHASE_STRIP = NO;
				DEBUG_INFORMATION_FORMAT = dwarf;
				ENABLE_STRICT_OBJC_MSGSEND = YES;
				ENABLE_TESTABILITY = YES;
				GCC_C_LANGUAGE_STANDARD = gnu11;
				GCC_DYNAMIC_NO_PIC = NO;
				GCC_NO_COMMON_BLOCKS = YES;
				GCC_OPTIMIZATION_LEVEL = 0;
				GCC_PREPROCESSOR_DEFINITIONS = (
					"DEBUG=1",
					"$(inherited)",
				);
				GCC_WARN_64_TO_32_BIT_CONVERSION = YES;
				GCC_WARN_ABOUT_RETURN_TYPE = YES_ERROR;
				GCC_WARN_UNDECLARED_SELECTOR = YES;
				GCC_WARN_UNINITIALIZED_AUTOS = YES_AGGRESSIVE;
				GCC_WARN_UNUSED_FUNCTION = YES;
				GCC_WARN_UNUSED_VARIABLE = YES;
				IPHONEOS_DEPLOYMENT_TARGET = 16.2;
				MTL_ENABLE_DEBUG_INFO = INCLUDE_SOURCE;
				MTL_FAST_MATH = YES;
				ONLY_ACTIVE_ARCH = YES;
				SDKROOT = iphoneos;
				SWIFT_ACTIVE_COMPILATION_CONDITIONS = DEBUG;
				SWIFT_OPTIMIZATION_LEVEL = "-Onone";
			};
			name = Debug;
		};
		D3B9120C29E2636E0061F84F /* Release */ = {
			isa = XCBuildConfiguration;
			buildSettings = {
				ALWAYS_SEARCH_USER_PATHS = NO;
				CLANG_ANALYZER_NONNULL = YES;
				CLANG_ANALYZER_NUMBER_OBJECT_CONVERSION = YES_AGGRESSIVE;
				CLANG_CXX_LANGUAGE_STANDARD = "gnu++20";
				CLANG_ENABLE_MODULES = YES;
				CLANG_ENABLE_OBJC_ARC = YES;
				CLANG_ENABLE_OBJC_WEAK = YES;
				CLANG_WARN_BLOCK_CAPTURE_AUTORELEASING = YES;
				CLANG_WARN_BOOL_CONVERSION = YES;
				CLANG_WARN_COMMA = YES;
				CLANG_WARN_CONSTANT_CONVERSION = YES;
				CLANG_WARN_DEPRECATED_OBJC_IMPLEMENTATIONS = YES;
				CLANG_WARN_DIRECT_OBJC_ISA_USAGE = YES_ERROR;
				CLANG_WARN_DOCUMENTATION_COMMENTS = YES;
				CLANG_WARN_EMPTY_BODY = YES;
				CLANG_WARN_ENUM_CONVERSION = YES;
				CLANG_WARN_INFINITE_RECURSION = YES;
				CLANG_WARN_INT_CONVERSION = YES;
				CLANG_WARN_NON_LITERAL_NULL_CONVERSION = YES;
				CLANG_WARN_OBJC_IMPLICIT_RETAIN_SELF = YES;
				CLANG_WARN_OBJC_LITERAL_CONVERSION = YES;
				CLANG_WARN_OBJC_ROOT_CLASS = YES_ERROR;
				CLANG_WARN_QUOTED_INCLUDE_IN_FRAMEWORK_HEADER = YES;
				CLANG_WARN_RANGE_LOOP_ANALYSIS = YES;
				CLANG_WARN_STRICT_PROTOTYPES = YES;
				CLANG_WARN_SUSPICIOUS_MOVE = YES;
				CLANG_WARN_UNGUARDED_AVAILABILITY = YES_AGGRESSIVE;
				CLANG_WARN_UNREACHABLE_CODE = YES;
				CLANG_WARN__DUPLICATE_METHOD_MATCH = YES;
				COPY_PHASE_STRIP = NO;
				DEBUG_INFORMATION_FORMAT = "dwarf-with-dsym";
				ENABLE_NS_ASSERTIONS = NO;
				ENABLE_STRICT_OBJC_MSGSEND = YES;
				GCC_C_LANGUAGE_STANDARD = gnu11;
				GCC_NO_COMMON_BLOCKS = YES;
				GCC_WARN_64_TO_32_BIT_CONVERSION = YES;
				GCC_WARN_ABOUT_RETURN_TYPE = YES_ERROR;
				GCC_WARN_UNDECLARED_SELECTOR = YES;
				GCC_WARN_UNINITIALIZED_AUTOS = YES_AGGRESSIVE;
				GCC_WARN_UNUSED_FUNCTION = YES;
				GCC_WARN_UNUSED_VARIABLE = YES;
				IPHONEOS_DEPLOYMENT_TARGET = 16.2;
				MTL_ENABLE_DEBUG_INFO = NO;
				MTL_FAST_MATH = YES;
				SDKROOT = iphoneos;
				SWIFT_COMPILATION_MODE = wholemodule;
				SWIFT_OPTIMIZATION_LEVEL = "-O";
				VALIDATE_PRODUCT = YES;
			};
			name = Release;
		};
		D3B9120E29E2636E0061F84F /* Debug */ = {
			isa = XCBuildConfiguration;
			buildSettings = {
				ALWAYS_EMBED_SWIFT_STANDARD_LIBRARIES = YES;
				ASSETCATALOG_COMPILER_APPICON_NAME = AppIcon;
				ASSETCATALOG_COMPILER_GLOBAL_ACCENT_COLOR_NAME = AccentColor;
				CODE_SIGN_STYLE = Automatic;
				CURRENT_PROJECT_VERSION = 1;
				GENERATE_INFOPLIST_FILE = YES;
				INFOPLIST_FILE = OrganicView/Info.plist;
				INFOPLIST_KEY_UIApplicationSupportsIndirectInputEvents = YES;
				INFOPLIST_KEY_UILaunchStoryboardName = LaunchScreen;
				INFOPLIST_KEY_UIMainStoryboardFile = Main;
				INFOPLIST_KEY_UISupportedInterfaceOrientations_iPad = "UIInterfaceOrientationPortrait UIInterfaceOrientationPortraitUpsideDown UIInterfaceOrientationLandscapeLeft UIInterfaceOrientationLandscapeRight";
				INFOPLIST_KEY_UISupportedInterfaceOrientations_iPhone = "UIInterfaceOrientationPortrait UIInterfaceOrientationLandscapeLeft UIInterfaceOrientationLandscapeRight";
				LD_RUNPATH_SEARCH_PATHS = (
					"$(inherited)",
					"@executable_path/Frameworks",
				);
				MARKETING_VERSION = 1.0;
				PRODUCT_BUNDLE_IDENTIFIER = br.com.albertolourenco.OrganicView;
				PRODUCT_NAME = "$(TARGET_NAME)";
				SWIFT_EMIT_LOC_STRINGS = YES;
				SWIFT_VERSION = 5.0;
				TARGETED_DEVICE_FAMILY = "1,2";
			};
			name = Debug;
		};
		D3B9120F29E2636E0061F84F /* Release */ = {
			isa = XCBuildConfiguration;
			buildSettings = {
				ALWAYS_EMBED_SWIFT_STANDARD_LIBRARIES = YES;
				ASSETCATALOG_COMPILER_APPICON_NAME = AppIcon;
				ASSETCATALOG_COMPILER_GLOBAL_ACCENT_COLOR_NAME = AccentColor;
				CODE_SIGN_STYLE = Automatic;
				CURRENT_PROJECT_VERSION = 1;
				GENERATE_INFOPLIST_FILE = YES;
				INFOPLIST_FILE = OrganicView/Info.plist;
				INFOPLIST_KEY_UIApplicationSupportsIndirectInputEvents = YES;
				INFOPLIST_KEY_UILaunchStoryboardName = LaunchScreen;
				INFOPLIST_KEY_UIMainStoryboardFile = Main;
				INFOPLIST_KEY_UISupportedInterfaceOrientations_iPad = "UIInterfaceOrientationPortrait UIInterfaceOrientationPortraitUpsideDown UIInterfaceOrientationLandscapeLeft UIInterfaceOrientationLandscapeRight";
				INFOPLIST_KEY_UISupportedInterfaceOrientations_iPhone = "UIInterfaceOrientationPortrait UIInterfaceOrientationLandscapeLeft UIInterfaceOrientationLandscapeRight";
				LD_RUNPATH_SEARCH_PATHS = (
					"$(inherited)",
					"@executable_path/Frameworks",
				);
				MARKETING_VERSION = 1.0;
				PRODUCT_BUNDLE_IDENTIFIER = br.com.albertolourenco.OrganicView;
				PRODUCT_NAME = "$(TARGET_NAME)";
				SWIFT_EMIT_LOC_STRINGS = YES;
				SWIFT_VERSION = 5.0;
				TARGETED_DEVICE_FAMILY = "1,2";
			};
			name = Release;
		};
		D3B9121E29E2646C0061F84F /* Debug */ = {
			isa = XCBuildConfiguration;
			buildSettings = {
				CLANG_ENABLE_MODULES = YES;
				CODE_SIGN_STYLE = Automatic;
				CURRENT_PROJECT_VERSION = 1;
				DEFINES_MODULE = YES;
				DYLIB_COMPATIBILITY_VERSION = 1;
				DYLIB_CURRENT_VERSION = 1;
				DYLIB_INSTALL_NAME_BASE = "@rpath";
				GENERATE_INFOPLIST_FILE = YES;
				INFOPLIST_KEY_NSHumanReadableCopyright = "";
				INSTALL_PATH = "$(LOCAL_LIBRARY_DIR)/Frameworks";
				LD_RUNPATH_SEARCH_PATHS = (
					"$(inherited)",
					"@executable_path/Frameworks",
					"@loader_path/Frameworks",
				);
				MARKETING_VERSION = 1.0;
				PRODUCT_BUNDLE_IDENTIFIER = br.com.albertolourenco.OrganicView;
				PRODUCT_NAME = "$(TARGET_NAME:c99extidentifier)";
				SKIP_INSTALL = YES;
				SWIFT_EMIT_LOC_STRINGS = YES;
				SWIFT_OPTIMIZATION_LEVEL = "-Onone";
				SWIFT_VERSION = 5.0;
				TARGETED_DEVICE_FAMILY = "1,2";
				VERSIONING_SYSTEM = "apple-generic";
				VERSION_INFO_PREFIX = "";
			};
			name = Debug;
		};
		D3B9121F29E2646C0061F84F /* Release */ = {
			isa = XCBuildConfiguration;
			buildSettings = {
				CLANG_ENABLE_MODULES = YES;
				CODE_SIGN_STYLE = Automatic;
				CURRENT_PROJECT_VERSION = 1;
				DEFINES_MODULE = YES;
				DYLIB_COMPATIBILITY_VERSION = 1;
				DYLIB_CURRENT_VERSION = 1;
				DYLIB_INSTALL_NAME_BASE = "@rpath";
				GENERATE_INFOPLIST_FILE = YES;
				INFOPLIST_KEY_NSHumanReadableCopyright = "";
				INSTALL_PATH = "$(LOCAL_LIBRARY_DIR)/Frameworks";
				LD_RUNPATH_SEARCH_PATHS = (
					"$(inherited)",
					"@executable_path/Frameworks",
					"@loader_path/Frameworks",
				);
				MARKETING_VERSION = 1.0;
				PRODUCT_BUNDLE_IDENTIFIER = br.com.albertolourenco.OrganicView;
				PRODUCT_NAME = "$(TARGET_NAME:c99extidentifier)";
				SKIP_INSTALL = YES;
				SWIFT_EMIT_LOC_STRINGS = YES;
				SWIFT_VERSION = 5.0;
				TARGETED_DEVICE_FAMILY = "1,2";
				VERSIONING_SYSTEM = "apple-generic";
				VERSION_INFO_PREFIX = "";
			};
			name = Release;
		};
/* End XCBuildConfiguration section */

/* Begin XCConfigurationList section */
		D3B911F429E2636C0061F84F /* Build configuration list for PBXProject "OrganicView" */ = {
			isa = XCConfigurationList;
			buildConfigurations = (
				D3B9120B29E2636E0061F84F /* Debug */,
				D3B9120C29E2636E0061F84F /* Release */,
			);
			defaultConfigurationIsVisible = 0;
			defaultConfigurationName = Release;
		};
		D3B9120D29E2636E0061F84F /* Build configuration list for PBXNativeTarget "OrganicViewDemo" */ = {
			isa = XCConfigurationList;
			buildConfigurations = (
				D3B9120E29E2636E0061F84F /* Debug */,
				D3B9120F29E2636E0061F84F /* Release */,
			);
			defaultConfigurationIsVisible = 0;
			defaultConfigurationName = Release;
		};
		D3B9121D29E2646C0061F84F /* Build configuration list for PBXNativeTarget "OrganicView" */ = {
			isa = XCConfigurationList;
			buildConfigurations = (
				D3B9121E29E2646C0061F84F /* Debug */,
				D3B9121F29E2646C0061F84F /* Release */,
			);
			defaultConfigurationIsVisible = 0;
			defaultConfigurationName = Release;
		};
/* End XCConfigurationList section */
	};
	rootObject = D3B911F129E2636C0061F84F /* Project object */;
}
