// !$*UTF8*$!
{
	archiveVersion = 1;
	classes = {
	};
	objectVersion = 50;
	objects = {

/* Begin PBXBuildFile section */
		16208FB9245F31F200842584 /* AppDelegate.swift in Sources */ = {isa = PBXBuildFile; fileRef = 16208FB8245F31F200842584 /* AppDelegate.swift */; };
		16208FBB245F31F200842584 /* SceneDelegate.swift in Sources */ = {isa = PBXBuildFile; fileRef = 16208FBA245F31F200842584 /* SceneDelegate.swift */; };
		16208FBD245F31F200842584 /* ViewController.swift in Sources */ = {isa = PBXBuildFile; fileRef = 16208FBC245F31F200842584 /* ViewController.swift */; };
		16208FC0245F31F200842584 /* Main.storyboard in Resources */ = {isa = PBXBuildFile; fileRef = 16208FBE245F31F200842584 /* Main.storyboard */; };
		16208FC2245F31F300842584 /* Assets.xcassets in Resources */ = {isa = PBXBuildFile; fileRef = 16208FC1245F31F300842584 /* Assets.xcassets */; };
		16208FC5245F31F300842584 /* LaunchScreen.storyboard in Resources */ = {isa = PBXBuildFile; fileRef = 16208FC3245F31F300842584 /* LaunchScreen.storyboard */; };
		16CD37002461B31B00E5637B /* OrganicView.swift in Sources */ = {isa = PBXBuildFile; fileRef = 16CD36FF2461B31B00E5637B /* OrganicView.swift */; };
/* End PBXBuildFile section */

/* Begin PBXFileReference section */
		16208FB5245F31F200842584 /* OrganicDemo.app */ = {isa = PBXFileReference; explicitFileType = wrapper.application; includeInIndex = 0; path = OrganicDemo.app; sourceTree = BUILT_PRODUCTS_DIR; };
		16208FB8245F31F200842584 /* AppDelegate.swift */ = {isa = PBXFileReference; lastKnownFileType = sourcecode.swift; path = AppDelegate.swift; sourceTree = "<group>"; };
		16208FBA245F31F200842584 /* SceneDelegate.swift */ = {isa = PBXFileReference; lastKnownFileType = sourcecode.swift; path = SceneDelegate.swift; sourceTree = "<group>"; };
		16208FBC245F31F200842584 /* ViewController.swift */ = {isa = PBXFileReference; lastKnownFileType = sourcecode.swift; path = ViewController.swift; sourceTree = "<group>"; };
		16208FBF245F31F200842584 /* Base */ = {isa = PBXFileReference; lastKnownFileType = file.storyboard; name = Base; path = Base.lproj/Main.storyboard; sourceTree = "<group>"; };
		16208FC1245F31F300842584 /* Assets.xcassets */ = {isa = PBXFileReference; lastKnownFileType = folder.assetcatalog; path = Assets.xcassets; sourceTree = "<group>"; };
		16208FC4245F31F300842584 /* Base */ = {isa = PBXFileReference; lastKnownFileType = file.storyboard; name = Base; path = Base.lproj/LaunchScreen.storyboard; sourceTree = "<group>"; };
		16208FC6245F31F300842584 /* Info.plist */ = {isa = PBXFileReference; lastKnownFileType = text.plist.xml; path = Info.plist; sourceTree = "<group>"; };
		16CD36FF2461B31B00E5637B /* OrganicView.swift */ = {isa = PBXFileReference; fileEncoding = 4; lastKnownFileType = sourcecode.swift; path = OrganicView.swift; sourceTree = "<group>"; };
/* End PBXFileReference section */

/* Begin PBXFrameworksBuildPhase section */
		16208FB2245F31F200842584 /* Frameworks */ = {
			isa = PBXFrameworksBuildPhase;
			buildActionMask = 2147483647;
			files = (
			);
			runOnlyForDeploymentPostprocessing = 0;
		};
/* End PBXFrameworksBuildPhase section */

/* Begin PBXGroup section */
		16208FAC245F31F200842584 = {
			isa = PBXGroup;
			children = (
				16CD36FF2461B31B00E5637B /* OrganicView.swift */,
				16208FB7245F31F200842584 /* OrganicDemo */,
				16208FB6245F31F200842584 /* Products */,
			);
			sourceTree = "<group>";
		};
		16208FB6245F31F200842584 /* Products */ = {
			isa = PBXGroup;
			children = (
				16208FB5245F31F200842584 /* OrganicDemo.app */,
			);
			name = Products;
			sourceTree = "<group>";
		};
		16208FB7245F31F200842584 /* OrganicDemo */ = {
			isa = PBXGroup;
			children = (
				16208FBC245F31F200842584 /* ViewController.swift */,
				16208FCC245F322000842584 /* Application */,
			);
			path = OrganicDemo;
			sourceTree = "<group>";
		};
		16208FCC245F322000842584 /* Application */ = {
			isa = PBXGroup;
			children = (
				16208FB8245F31F200842584 /* AppDelegate.swift */,
				16208FBA245F31F200842584 /* SceneDelegate.swift */,
				16208FBE245F31F200842584 /* Main.storyboard */,
				16208FC1245F31F300842584 /* Assets.xcassets */,
				16208FC3245F31F300842584 /* LaunchScreen.storyboard */,
				16208FC6245F31F300842584 /* Info.plist */,
			);
			path = Application;
			sourceTree = "<group>";
		};
/* End PBXGroup section */

/* Begin PBXNativeTarget section */
		16208FB4245F31F200842584 /* OrganicDemo */ = {
			isa = PBXNativeTarget;
			buildConfigurationList = 16208FC9245F31F300842584 /* Build configuration list for PBXNativeTarget "OrganicDemo" */;
			buildPhases = (
				16208FB1245F31F200842584 /* Sources */,
				16208FB2245F31F200842584 /* Frameworks */,
				16208FB3245F31F200842584 /* Resources */,
			);
			buildRules = (
			);
			dependencies = (
			);
			name = OrganicDemo;
			productName = Morph;
			productReference = 16208FB5245F31F200842584 /* OrganicDemo.app */;
			productType = "com.apple.product-type.application";
		};
/* End PBXNativeTarget section */

/* Begin PBXProject section */
		16208FAD245F31F200842584 /* Project object */ = {
			isa = PBXProject;
			attributes = {
				LastSwiftUpdateCheck = 1140;
				LastUpgradeCheck = 1140;
				ORGANIZATIONNAME = "Alberto Lourenco";
				TargetAttributes = {
					16208FB4245F31F200842584 = {
						CreatedOnToolsVersion = 11.4.1;
					};
				};
			};
			buildConfigurationList = 16208FB0245F31F200842584 /* Build configuration list for PBXProject "OrganicDemo" */;
			compatibilityVersion = "Xcode 9.3";
			developmentRegion = en;
			hasScannedForEncodings = 0;
			knownRegions = (
				en,
				Base,
			);
			mainGroup = 16208FAC245F31F200842584;
			productRefGroup = 16208FB6245F31F200842584 /* Products */;
			projectDirPath = "";
			projectRoot = "";
			targets = (
				16208FB4245F31F200842584 /* OrganicDemo */,
			);
		};
/* End PBXProject section */

/* Begin PBXResourcesBuildPhase section */
		16208FB3245F31F200842584 /* Resources */ = {
			isa = PBXResourcesBuildPhase;
			buildActionMask = 2147483647;
			files = (
				16208FC5245F31F300842584 /* LaunchScreen.storyboard in Resources */,
				16208FC2245F31F300842584 /* Assets.xcassets in Resources */,
				16208FC0245F31F200842584 /* Main.storyboard in Resources */,
			);
			runOnlyForDeploymentPostprocessing = 0;
		};
/* End PBXResourcesBuildPhase section */

/* Begin PBXSourcesBuildPhase section */
		16208FB1245F31F200842584 /* Sources */ = {
			isa = PBXSourcesBuildPhase;
			buildActionMask = 2147483647;
			files = (
				16208FBD245F31F200842584 /* ViewController.swift in Sources */,
				16208FB9245F31F200842584 /* AppDelegate.swift in Sources */,
				16CD37002461B31B00E5637B /* OrganicView.swift in Sources */,
				16208FBB245F31F200842584 /* SceneDelegate.swift in Sources */,
			);
			runOnlyForDeploymentPostprocessing = 0;
		};
/* End PBXSourcesBuildPhase section */

/* Begin PBXVariantGroup section */
		16208FBE245F31F200842584 /* Main.storyboard */ = {
			isa = PBXVariantGroup;
			children = (
				16208FBF245F31F200842584 /* Base */,
			);
			name = Main.storyboard;
			sourceTree = "<group>";
		};
		16208FC3245F31F300842584 /* LaunchScreen.storyboard */ = {
			isa = PBXVariantGroup;
			children = (
				16208FC4245F31F300842584 /* Base */,
			);
			name = LaunchScreen.storyboard;
			sourceTree = "<group>";
		};
/* End PBXVariantGroup section */

/* Begin XCBuildConfiguration section */
		16208FC7245F31F300842584 /* Debug */ = {
			isa = XCBuildConfiguration;
			buildSettings = {
				ALWAYS_SEARCH_USER_PATHS = NO;
				CLANG_ANALYZER_NONNULL = YES;
				CLANG_ANALYZER_NUMBER_OBJECT_CONVERSION = YES_AGGRESSIVE;
				CLANG_CXX_LANGUAGE_STANDARD = "gnu++14";
				CLANG_CXX_LIBRARY = "libc++";
				CLANG_ENABLE_MODULES = YES;
				CLANG_ENABLE_OBJC_ARC = YES;
				CLANG_ENABLE_OBJC_WEAK = YES;
				CLANG_WARN_BLOCK_CAPTURE_AUTORELEASING = YES;
				CLANG_WARN_BOOL_CONVERSION = YES;
				CLANG_WARN_COMMA = YES;
				CLANG_WARN_CONSTANT_CONVERSION = YES;
				CLANG_WARN_DEPRECATED_OBJC_IMPLEMENTATIONS = YES;
				CLANG_WARN_DIRECT_OBJC_ISA_USAGE = YES_ERROR;
				CLANG_WARN_DOCUMENTATION_COMMENTS = YES;
				CLANG_WARN_EMPTY_BODY = YES;
				CLANG_WARN_ENUM_CONVERSION = YES;
				CLANG_WARN_INFINITE_RECURSION = YES;
				CLANG_WARN_INT_CONVERSION = YES;
				CLANG_WARN_NON_LITERAL_NULL_CONVERSION = YES;
				CLANG_WARN_OBJC_IMPLICIT_RETAIN_SELF = YES;
				CLANG_WARN_OBJC_LITERAL_CONVERSION = YES;
				CLANG_WARN_OBJC_ROOT_CLASS = YES_ERROR;
				CLANG_WARN_RANGE_LOOP_ANALYSIS = YES;
				CLANG_WARN_STRICT_PROTOTYPES = YES;
				CLANG_WARN_SUSPICIOUS_MOVE = YES;
				CLANG_WARN_UNGUARDED_AVAILABILITY = YES_AGGRESSIVE;
				CLANG_WARN_UNREACHABLE_CODE = YES;
				CLANG_WARN__DUPLICATE_METHOD_MATCH = YES;
				COPY_PHASE_STRIP = NO;
				DEBUG_INFORMATION_FORMAT = dwarf;
				ENABLE_STRICT_OBJC_MSGSEND = YES;
				ENABLE_TESTABILITY = YES;
				GCC_C_LANGUAGE_STANDARD = gnu11;
				GCC_DYNAMIC_NO_PIC = NO;
				GCC_NO_COMMON_BLOCKS = YES;
				GCC_OPTIMIZATION_LEVEL = 0;
				GCC_PREPROCESSOR_DEFINITIONS = (
					"DEBUG=1",
					"$(inherited)",
				);
				GCC_WARN_64_TO_32_BIT_CONVERSION = YES;
				GCC_WARN_ABOUT_RETURN_TYPE = YES_ERROR;
				GCC_WARN_UNDECLARED_SELECTOR = YES;
				GCC_WARN_UNINITIALIZED_AUTOS = YES_AGGRESSIVE;
				GCC_WARN_UNUSED_FUNCTION = YES;
				GCC_WARN_UNUSED_VARIABLE = YES;
				IPHONEOS_DEPLOYMENT_TARGET = 13.4;
				MTL_ENABLE_DEBUG_INFO = INCLUDE_SOURCE;
				MTL_FAST_MATH = YES;
				ONLY_ACTIVE_ARCH = YES;
				SDKROOT = iphoneos;
				SWIFT_ACTIVE_COMPILATION_CONDITIONS = DEBUG;
				SWIFT_OPTIMIZATION_LEVEL = "-Onone";
			};
			name = Debug;
		};
		16208FC8245F31F300842584 /* Release */ = {
			isa = XCBuildConfiguration;
			buildSettings = {
				ALWAYS_SEARCH_USER_PATHS = NO;
				CLANG_ANALYZER_NONNULL = YES;
				CLANG_ANALYZER_NUMBER_OBJECT_CONVERSION = YES_AGGRESSIVE;
				CLANG_CXX_LANGUAGE_STANDARD = "gnu++14";
				CLANG_CXX_LIBRARY = "libc++";
				CLANG_ENABLE_MODULES = YES;
				CLANG_ENABLE_OBJC_ARC = YES;
				CLANG_ENABLE_OBJC_WEAK = YES;
				CLANG_WARN_BLOCK_CAPTURE_AUTORELEASING = YES;
				CLANG_WARN_BOOL_CONVERSION = YES;
				CLANG_WARN_COMMA = YES;
				CLANG_WARN_CONSTANT_CONVERSION = YES;
				CLANG_WARN_DEPRECATED_OBJC_IMPLEMENTATIONS = YES;
				CLANG_WARN_DIRECT_OBJC_ISA_USAGE = YES_ERROR;
				CLANG_WARN_DOCUMENTATION_COMMENTS = YES;
				CLANG_WARN_EMPTY_BODY = YES;
				CLANG_WARN_ENUM_CONVERSION = YES;
				CLANG_WARN_INFINITE_RECURSION = YES;
				CLANG_WARN_INT_CONVERSION = YES;
				CLANG_WARN_NON_LITERAL_NULL_CONVERSION = YES;
				CLANG_WARN_OBJC_IMPLICIT_RETAIN_SELF = YES;
				CLANG_WARN_OBJC_LITERAL_CONVERSION = YES;
				CLANG_WARN_OBJC_ROOT_CLASS = YES_ERROR;
				CLANG_WARN_RANGE_LOOP_ANALYSIS = YES;
				CLANG_WARN_STRICT_PROTOTYPES = YES;
				CLANG_WARN_SUSPICIOUS_MOVE = YES;
				CLANG_WARN_UNGUARDED_AVAILABILITY = YES_AGGRESSIVE;
				CLANG_WARN_UNREACHABLE_CODE = YES;
				CLANG_WARN__DUPLICATE_METHOD_MATCH = YES;
				COPY_PHASE_STRIP = NO;
				DEBUG_INFORMATION_FORMAT = "dwarf-with-dsym";
				ENABLE_NS_ASSERTIONS = NO;
				ENABLE_STRICT_OBJC_MSGSEND = YES;
				GCC_C_LANGUAGE_STANDARD = gnu11;
				GCC_NO_COMMON_BLOCKS = YES;
				GCC_WARN_64_TO_32_BIT_CONVERSION = YES;
				GCC_WARN_ABOUT_RETURN_TYPE = YES_ERROR;
				GCC_WARN_UNDECLARED_SELECTOR = YES;
				GCC_WARN_UNINITIALIZED_AUTOS = YES_AGGRESSIVE;
				GCC_WARN_UNUSED_FUNCTION = YES;
				GCC_WARN_UNUSED_VARIABLE = YES;
				IPHONEOS_DEPLOYMENT_TARGET = 13.4;
				MTL_ENABLE_DEBUG_INFO = NO;
				MTL_FAST_MATH = YES;
				SDKROOT = iphoneos;
				SWIFT_COMPILATION_MODE = wholemodule;
				SWIFT_OPTIMIZATION_LEVEL = "-O";
				VALIDATE_PRODUCT = YES;
			};
			name = Release;
		};
		16208FCA245F31F300842584 /* Debug */ = {
			isa = XCBuildConfiguration;
			buildSettings = {
				ASSETCATALOG_COMPILER_APPICON_NAME = AppIcon;
				CODE_SIGN_STYLE = Automatic;
				DEVELOPMENT_TEAM = 8G88K2N9TE;
				INFOPLIST_FILE = OrganicDemo/Application/Info.plist;
				IPHONEOS_DEPLOYMENT_TARGET = 10.0;
				LD_RUNPATH_SEARCH_PATHS = (
					"$(inherited)",
					"@executable_path/Frameworks",
				);
				PRODUCT_BUNDLE_IDENTIFIER = br.com.albertoLourenco.Morph;
				PRODUCT_NAME = "$(TARGET_NAME)";
				SWIFT_VERSION = 5.0;
				TARGETED_DEVICE_FAMILY = "1,2";
			};
			name = Debug;
		};
		16208FCB245F31F300842584 /* Release */ = {
			isa = XCBuildConfiguration;
			buildSettings = {
				ASSETCATALOG_COMPILER_APPICON_NAME = AppIcon;
				CODE_SIGN_STYLE = Automatic;
				DEVELOPMENT_TEAM = 8G88K2N9TE;
				INFOPLIST_FILE = OrganicDemo/Application/Info.plist;
				IPHONEOS_DEPLOYMENT_TARGET = 10.0;
				LD_RUNPATH_SEARCH_PATHS = (
					"$(inherited)",
					"@executable_path/Frameworks",
				);
				PRODUCT_BUNDLE_IDENTIFIER = br.com.albertoLourenco.Morph;
				PRODUCT_NAME = "$(TARGET_NAME)";
				SWIFT_VERSION = 5.0;
				TARGETED_DEVICE_FAMILY = "1,2";
			};
			name = Release;
		};
/* End XCBuildConfiguration section */

/* Begin XCConfigurationList section */
		16208FB0245F31F200842584 /* Build configuration list for PBXProject "OrganicDemo" */ = {
			isa = XCConfigurationList;
			buildConfigurations = (
				16208FC7245F31F300842584 /* Debug */,
				16208FC8245F31F300842584 /* Release */,
			);
			defaultConfigurationIsVisible = 0;
			defaultConfigurationName = Release;
		};
		16208FC9245F31F300842584 /* Build configuration list for PBXNativeTarget "OrganicDemo" */ = {
			isa = XCConfigurationList;
			buildConfigurations = (
				16208FCA245F31F300842584 /* Debug */,
				16208FCB245F31F300842584 /* Release */,
			);
			defaultConfigurationIsVisible = 0;
			defaultConfigurationName = Release;
		};
/* End XCConfigurationList section */
	};
	rootObject = 16208FAD245F31F200842584 /* Project object */;
}
